
Microsoft Visual Studio Solution File, Format Version 12.00
# Visual Studio Version 17
VisualStudioVersion = 17.0.31903.59
MinimumVisualStudioVersion = 10.0.40219.1
Project("{FAE04EC0-301F-11D3-BF4B-00C04F79EFBC}") = "DJM.DiscogsIntegration", "DJM.DiscogsIntegration\DiscogsIntegration.csproj", "{CC2FD780-F34C-465C-9005-EBECEA28778E}"
EndProject
Project("{FAE04EC0-301F-11D3-BF4B-00C04F79EFBC}") = "DJM.OAuth", "DJM.OAuth\OAuth.csproj", "{707716FC-207B-45F4-9C89-1E445536E549}"
EndProject
Project("{FAE04EC0-301F-11D3-BF4B-00C04F79EFBC}") = "Tests", "DJM.Tests\Tests.csproj", "{0D386A02-E0D6-4BFD-87A8-0F88F97FA51C}"
EndProject
Project("{2150E333-8FDC-42A3-9474-1A3956D46DE8}") = "DJM.OAuth", "DJM.OAuth", "{D476118C-82BD-4858-BEE7-AC380689FE6E}"
EndProject
Project("{2150E333-8FDC-42A3-9474-1A3956D46DE8}") = "DJM.DiscogsIntegration", "DJM.DiscogsIntegration", "{1CFF289F-CBE1-4BE5-A09A-F0032FDE5657}"
EndProject
Project("{2150E333-8FDC-42A3-9474-1A3956D46DE8}") = "DJM.Console", "DJM.Console", "{27DE7633-436E-4B32-BDDA-38B99501AB07}"
EndProject
Project("{2150E333-8FDC-42A3-9474-1A3956D46DE8}") = "DJM.Tests", "DJM.Tests", "{B1DCFC71-470B-434C-AF89-A90850ADCD91}"
EndProject
Project("{FAE04EC0-301F-11D3-BF4B-00C04F79EFBC}") = "Console", "DJM.Console\Console.csproj", "{D4DE65E9-E7C6-4AEF-81C1-651E042DC6E7}"
EndProject
Global
	GlobalSection(SolutionConfigurationPlatforms) = preSolution
		Debug|Any CPU = Debug|Any CPU
		Debug|x64 = Debug|x64
		Debug|x86 = Debug|x86
		Release|Any CPU = Release|Any CPU
		Release|x64 = Release|x64
		Release|x86 = Release|x86
	EndGlobalSection
	GlobalSection(ProjectConfigurationPlatforms) = postSolution
		{CC2FD780-F34C-465C-9005-EBECEA28778E}.Debug|Any CPU.ActiveCfg = Debug|Any CPU
		{CC2FD780-F34C-465C-9005-EBECEA28778E}.Debug|Any CPU.Build.0 = Debug|Any CPU
		{CC2FD780-F34C-465C-9005-EBECEA28778E}.Debug|x64.ActiveCfg = Debug|Any CPU
		{CC2FD780-F34C-465C-9005-EBECEA28778E}.Debug|x64.Build.0 = Debug|Any CPU
		{CC2FD780-F34C-465C-9005-EBECEA28778E}.Debug|x86.ActiveCfg = Debug|Any CPU
		{CC2FD780-F34C-465C-9005-EBECEA28778E}.Debug|x86.Build.0 = Debug|Any CPU
		{CC2FD780-F34C-465C-9005-EBECEA28778E}.Release|Any CPU.ActiveCfg = Release|Any CPU
		{CC2FD780-F34C-465C-9005-EBECEA28778E}.Release|Any CPU.Build.0 = Release|Any CPU
		{CC2FD780-F34C-465C-9005-EBECEA28778E}.Release|x64.ActiveCfg = Release|Any CPU
		{CC2FD780-F34C-465C-9005-EBECEA28778E}.Release|x64.Build.0 = Release|Any CPU
		{CC2FD780-F34C-465C-9005-EBECEA28778E}.Release|x86.ActiveCfg = Release|Any CPU
		{CC2FD780-F34C-465C-9005-EBECEA28778E}.Release|x86.Build.0 = Release|Any CPU
		{707716FC-207B-45F4-9C89-1E445536E549}.Debug|Any CPU.ActiveCfg = Debug|Any CPU
		{707716FC-207B-45F4-9C89-1E445536E549}.Debug|Any CPU.Build.0 = Debug|Any CPU
		{707716FC-207B-45F4-9C89-1E445536E549}.Debug|x64.ActiveCfg = Debug|Any CPU
		{707716FC-207B-45F4-9C89-1E445536E549}.Debug|x64.Build.0 = Debug|Any CPU
		{707716FC-207B-45F4-9C89-1E445536E549}.Debug|x86.ActiveCfg = Debug|Any CPU
		{707716FC-207B-45F4-9C89-1E445536E549}.Debug|x86.Build.0 = Debug|Any CPU
		{707716FC-207B-45F4-9C89-1E445536E549}.Release|Any CPU.ActiveCfg = Release|Any CPU
		{707716FC-207B-45F4-9C89-1E445536E549}.Release|Any CPU.Build.0 = Release|Any CPU
		{707716FC-207B-45F4-9C89-1E445536E549}.Release|x64.ActiveCfg = Release|Any CPU
		{707716FC-207B-45F4-9C89-1E445536E549}.Release|x64.Build.0 = Release|Any CPU
		{707716FC-207B-45F4-9C89-1E445536E549}.Release|x86.ActiveCfg = Release|Any CPU
		{707716FC-207B-45F4-9C89-1E445536E549}.Release|x86.Build.0 = Release|Any CPU
		{0D386A02-E0D6-4BFD-87A8-0F88F97FA51C}.Debug|Any CPU.ActiveCfg = Debug|Any CPU
		{0D386A02-E0D6-4BFD-87A8-0F88F97FA51C}.Debug|Any CPU.Build.0 = Debug|Any CPU
		{0D386A02-E0D6-4BFD-87A8-0F88F97FA51C}.Debug|x64.ActiveCfg = Debug|Any CPU
		{0D386A02-E0D6-4BFD-87A8-0F88F97FA51C}.Debug|x64.Build.0 = Debug|Any CPU
		{0D386A02-E0D6-4BFD-87A8-0F88F97FA51C}.Debug|x86.ActiveCfg = Debug|Any CPU
		{0D386A02-E0D6-4BFD-87A8-0F88F97FA51C}.Debug|x86.Build.0 = Debug|Any CPU
		{0D386A02-E0D6-4BFD-87A8-0F88F97FA51C}.Release|Any CPU.ActiveCfg = Release|Any CPU
		{0D386A02-E0D6-4BFD-87A8-0F88F97FA51C}.Release|Any CPU.Build.0 = Release|Any CPU
		{0D386A02-E0D6-4BFD-87A8-0F88F97FA51C}.Release|x64.ActiveCfg = Release|Any CPU
		{0D386A02-E0D6-4BFD-87A8-0F88F97FA51C}.Release|x64.Build.0 = Release|Any CPU
		{0D386A02-E0D6-4BFD-87A8-0F88F97FA51C}.Release|x86.ActiveCfg = Release|Any CPU
		{0D386A02-E0D6-4BFD-87A8-0F88F97FA51C}.Release|x86.Build.0 = Release|Any CPU
		{D4DE65E9-E7C6-4AEF-81C1-651E042DC6E7}.Debug|Any CPU.ActiveCfg = Debug|Any CPU
		{D4DE65E9-E7C6-4AEF-81C1-651E042DC6E7}.Debug|Any CPU.Build.0 = Debug|Any CPU
		{D4DE65E9-E7C6-4AEF-81C1-651E042DC6E7}.Debug|x64.ActiveCfg = Debug|Any CPU
		{D4DE65E9-E7C6-4AEF-81C1-651E042DC6E7}.Debug|x64.Build.0 = Debug|Any CPU
		{D4DE65E9-E7C6-4AEF-81C1-651E042DC6E7}.Debug|x86.ActiveCfg = Debug|Any CPU
		{D4DE65E9-E7C6-4AEF-81C1-651E042DC6E7}.Debug|x86.Build.0 = Debug|Any CPU
		{D4DE65E9-E7C6-4AEF-81C1-651E042DC6E7}.Release|Any CPU.ActiveCfg = Release|Any CPU
		{D4DE65E9-E7C6-4AEF-81C1-651E042DC6E7}.Release|Any CPU.Build.0 = Release|Any CPU
		{D4DE65E9-E7C6-4AEF-81C1-651E042DC6E7}.Release|x64.ActiveCfg = Release|Any CPU
		{D4DE65E9-E7C6-4AEF-81C1-651E042DC6E7}.Release|x64.Build.0 = Release|Any CPU
		{D4DE65E9-E7C6-4AEF-81C1-651E042DC6E7}.Release|x86.ActiveCfg = Release|Any CPU
		{D4DE65E9-E7C6-4AEF-81C1-651E042DC6E7}.Release|x86.Build.0 = Release|Any CPU
	EndGlobalSection
	GlobalSection(SolutionProperties) = preSolution
		HideSolutionNode = FALSE
	EndGlobalSection
	GlobalSection(NestedProjects) = preSolution
		{707716FC-207B-45F4-9C89-1E445536E549} = {D476118C-82BD-4858-BEE7-AC380689FE6E}
		{CC2FD780-F34C-465C-9005-EBECEA28778E} = {1CFF289F-CBE1-4BE5-A09A-F0032FDE5657}
		{0D386A02-E0D6-4BFD-87A8-0F88F97FA51C} = {B1DCFC71-470B-434C-AF89-A90850ADCD91}
		{D4DE65E9-E7C6-4AEF-81C1-651E042DC6E7} = {27DE7633-436E-4B32-BDDA-38B99501AB07}
	EndGlobalSection
EndGlobal
